
Microsoft Visual Studio Solution File, Format Version 12.00
# Visual Studio 2013
VisualStudioVersion = 12.0.40629.0
MinimumVisualStudioVersion = 10.0.40219.1
Project("{FAE04EC0-301F-11D3-BF4B-00C04F79EFBC}") = "Caliburn.Micro", "Caliburn.Micro-3.0.0\src\Caliburn.Micro\Caliburn.Micro.csproj", "{6D772B52-DA8F-4784-971A-4BF50CB6D306}"
EndProject
Project("{2150E333-8FDC-42A3-9474-1A3956D46DE8}") = "Caliburn.Micro.Platform", "Caliburn.Micro.Platform", "{266A0FDB-CA59-4E27-B258-9552E368BE46}"
EndProject
Project("{2150E333-8FDC-42A3-9474-1A3956D46DE8}") = "Caliburn.Micro.Tests", "Caliburn.Micro.Tests", "{75218E6C-3CF6-4A27-877B-5563A2BFB4A3}"
EndProject
Project("{FAE04EC0-301F-11D3-BF4B-00C04F79EFBC}") = "Caliburn.Micro.Platform.NET45", "Caliburn.Micro-3.0.0\src\Caliburn.Micro.Platform\Caliburn.Micro.Platform.NET45.csproj", "{EF2C0C7D-3FFE-4884-9AAC-7622FEE66809}"
EndProject
Project("{FAE04EC0-301F-11D3-BF4B-00C04F79EFBC}") = "Caliburn.Micro.Tests.NET45", "Caliburn.Micro-3.0.0\src\Caliburn.Micro.Tests.NET45\Caliburn.Micro.Tests.NET45.csproj", "{374C996D-59C3-426D-B6BD-D884348BE7C8}"
EndProject
Project("{FAE04EC0-301F-11D3-BF4B-00C04F79EFBC}") = "Caliburn.Micro.NET40", "Caliburn.Micro-3.0.0\src\Caliburn.Micro\Caliburn.Micro.NET40.csproj", "{5198B87D-8E7B-48D9-960D-63170A6956C5}"
EndProject
Project("{FAE04EC0-301F-11D3-BF4B-00C04F79EFBC}") = "Caliburn.Micro.Platform.NET40", "Caliburn.Micro-3.0.0\src\Caliburn.Micro.Platform\Caliburn.Micro.Platform.NET40.csproj", "{B633FE8C-B40E-4122-A763-F94C8B1A70F8}"
EndProject
Project("{FAE04EC0-301F-11D3-BF4B-00C04F79EFBC}") = "Caliburn.Micro.Platform.Xamarin.Forms", "Caliburn.Micro-3.0.0\src\Caliburn.Micro.Platform\Caliburn.Micro.Platform.Xamarin.Forms.csproj", "{67F9D3A8-F71E-4428-913F-C37AE82CDB24}"
EndProject
Project("{FAE04EC0-301F-11D3-BF4B-00C04F79EFBC}") = "Caliburn.Micro.Platform.Core", "Caliburn.Micro-3.0.0\src\Caliburn.Micro.Platform\Caliburn.Micro.Platform.Core.csproj", "{0ECBE3D9-AED4-419D-A6E3-C53D5CE2A02A}"
EndProject
Project("{FAE04EC0-301F-11D3-BF4B-00C04F79EFBC}") = "Caliburn.Micro.Eamon.WPF", "Caliburn.Micro.EamonTest\Caliburn.Micro.Eamon.WPF.csproj", "{716DDF06-431F-4ADA-BF42-DD28ABF6586A}"
EndProject
Project("{2150E333-8FDC-42A3-9474-1A3956D46DE8}") = "MEF", "MEF", "{EE02C6EF-551A-4FB9-81D8-5F707116EEBC}"
EndProject
Project("{FAE04EC0-301F-11D3-BF4B-00C04F79EFBC}") = "Caliburn.Micro.MEF.Demo.WPF", "Caliburn.Micro.MEF.Demon\Caliburn.Micro.MEF.Demo.WPF.csproj", "{FB6B7A28-DA0C-47EC-BC47-E57BDF33643C}"
EndProject
Project("{FAE04EC0-301F-11D3-BF4B-00C04F79EFBC}") = "Caliburn.Micro.MEF.Demo.Console", "Caliburn.Micro.MEF.Demo.Console\Caliburn.Micro.MEF.Demo.Console.csproj", "{3B59764E-A9C4-4DA8-9F96-716226F6BD8E}"
EndProject
Global
	GlobalSection(SolutionConfigurationPlatforms) = preSolution
		Debug|Any CPU = Debug|Any CPU
		Debug|ARM = Debug|ARM
		Debug|x64 = Debug|x64
		Debug|x86 = Debug|x86
		Release|Any CPU = Release|Any CPU
		Release|ARM = Release|ARM
		Release|x64 = Release|x64
		Release|x86 = Release|x86
	EndGlobalSection
	GlobalSection(ProjectConfigurationPlatforms) = postSolution
		{6D772B52-DA8F-4784-971A-4BF50CB6D306}.Debug|Any CPU.ActiveCfg = Debug|Any CPU
		{6D772B52-DA8F-4784-971A-4BF50CB6D306}.Debug|Any CPU.Build.0 = Debug|Any CPU
		{6D772B52-DA8F-4784-971A-4BF50CB6D306}.Debug|ARM.ActiveCfg = Debug|Any CPU
		{6D772B52-DA8F-4784-971A-4BF50CB6D306}.Debug|ARM.Build.0 = Debug|Any CPU
		{6D772B52-DA8F-4784-971A-4BF50CB6D306}.Debug|x64.ActiveCfg = Debug|Any CPU
		{6D772B52-DA8F-4784-971A-4BF50CB6D306}.Debug|x64.Build.0 = Debug|Any CPU
		{6D772B52-DA8F-4784-971A-4BF50CB6D306}.Debug|x86.ActiveCfg = Debug|Any CPU
		{6D772B52-DA8F-4784-971A-4BF50CB6D306}.Debug|x86.Build.0 = Debug|Any CPU
		{6D772B52-DA8F-4784-971A-4BF50CB6D306}.Release|Any CPU.ActiveCfg = Release|Any CPU
		{6D772B52-DA8F-4784-971A-4BF50CB6D306}.Release|Any CPU.Build.0 = Release|Any CPU
		{6D772B52-DA8F-4784-971A-4BF50CB6D306}.Release|ARM.ActiveCfg = Release|Any CPU
		{6D772B52-DA8F-4784-971A-4BF50CB6D306}.Release|ARM.Build.0 = Release|Any CPU
		{6D772B52-DA8F-4784-971A-4BF50CB6D306}.Release|x64.ActiveCfg = Release|Any CPU
		{6D772B52-DA8F-4784-971A-4BF50CB6D306}.Release|x64.Build.0 = Release|Any CPU
		{6D772B52-DA8F-4784-971A-4BF50CB6D306}.Release|x86.ActiveCfg = Release|Any CPU
		{6D772B52-DA8F-4784-971A-4BF50CB6D306}.Release|x86.Build.0 = Release|Any CPU
		{EF2C0C7D-3FFE-4884-9AAC-7622FEE66809}.Debug|Any CPU.ActiveCfg = Debug|Any CPU
		{EF2C0C7D-3FFE-4884-9AAC-7622FEE66809}.Debug|Any CPU.Build.0 = Debug|Any CPU
		{EF2C0C7D-3FFE-4884-9AAC-7622FEE66809}.Debug|ARM.ActiveCfg = Debug|Any CPU
		{EF2C0C7D-3FFE-4884-9AAC-7622FEE66809}.Debug|ARM.Build.0 = Debug|Any CPU
		{EF2C0C7D-3FFE-4884-9AAC-7622FEE66809}.Debug|x64.ActiveCfg = Debug|Any CPU
		{EF2C0C7D-3FFE-4884-9AAC-7622FEE66809}.Debug|x64.Build.0 = Debug|Any CPU
		{EF2C0C7D-3FFE-4884-9AAC-7622FEE66809}.Debug|x86.ActiveCfg = Debug|Any CPU
		{EF2C0C7D-3FFE-4884-9AAC-7622FEE66809}.Debug|x86.Build.0 = Debug|Any CPU
		{EF2C0C7D-3FFE-4884-9AAC-7622FEE66809}.Release|Any CPU.ActiveCfg = Release|Any CPU
		{EF2C0C7D-3FFE-4884-9AAC-7622FEE66809}.Release|Any CPU.Build.0 = Release|Any CPU
		{EF2C0C7D-3FFE-4884-9AAC-7622FEE66809}.Release|ARM.ActiveCfg = Release|Any CPU
		{EF2C0C7D-3FFE-4884-9AAC-7622FEE66809}.Release|ARM.Build.0 = Release|Any CPU
		{EF2C0C7D-3FFE-4884-9AAC-7622FEE66809}.Release|x64.ActiveCfg = Release|Any CPU
		{EF2C0C7D-3FFE-4884-9AAC-7622FEE66809}.Release|x64.Build.0 = Release|Any CPU
		{EF2C0C7D-3FFE-4884-9AAC-7622FEE66809}.Release|x86.ActiveCfg = Release|Any CPU
		{EF2C0C7D-3FFE-4884-9AAC-7622FEE66809}.Release|x86.Build.0 = Release|Any CPU
		{374C996D-59C3-426D-B6BD-D884348BE7C8}.Debug|Any CPU.ActiveCfg = Debug|Any CPU
		{374C996D-59C3-426D-B6BD-D884348BE7C8}.Debug|Any CPU.Build.0 = Debug|Any CPU
		{374C996D-59C3-426D-B6BD-D884348BE7C8}.Debug|ARM.ActiveCfg = Debug|Any CPU
		{374C996D-59C3-426D-B6BD-D884348BE7C8}.Debug|ARM.Build.0 = Debug|Any CPU
		{374C996D-59C3-426D-B6BD-D884348BE7C8}.Debug|x64.ActiveCfg = Debug|Any CPU
		{374C996D-59C3-426D-B6BD-D884348BE7C8}.Debug|x64.Build.0 = Debug|Any CPU
		{374C996D-59C3-426D-B6BD-D884348BE7C8}.Debug|x86.ActiveCfg = Debug|Any CPU
		{374C996D-59C3-426D-B6BD-D884348BE7C8}.Debug|x86.Build.0 = Debug|Any CPU
		{374C996D-59C3-426D-B6BD-D884348BE7C8}.Release|Any CPU.ActiveCfg = Release|Any CPU
		{374C996D-59C3-426D-B6BD-D884348BE7C8}.Release|Any CPU.Build.0 = Release|Any CPU
		{374C996D-59C3-426D-B6BD-D884348BE7C8}.Release|ARM.ActiveCfg = Release|Any CPU
		{374C996D-59C3-426D-B6BD-D884348BE7C8}.Release|ARM.Build.0 = Release|Any CPU
		{374C996D-59C3-426D-B6BD-D884348BE7C8}.Release|x64.ActiveCfg = Release|Any CPU
		{374C996D-59C3-426D-B6BD-D884348BE7C8}.Release|x64.Build.0 = Release|Any CPU
		{374C996D-59C3-426D-B6BD-D884348BE7C8}.Release|x86.ActiveCfg = Release|Any CPU
		{374C996D-59C3-426D-B6BD-D884348BE7C8}.Release|x86.Build.0 = Release|Any CPU
		{5198B87D-8E7B-48D9-960D-63170A6956C5}.Debug|Any CPU.ActiveCfg = Debug|Any CPU
		{5198B87D-8E7B-48D9-960D-63170A6956C5}.Debug|Any CPU.Build.0 = Debug|Any CPU
		{5198B87D-8E7B-48D9-960D-63170A6956C5}.Debug|ARM.ActiveCfg = Debug|Any CPU
		{5198B87D-8E7B-48D9-960D-63170A6956C5}.Debug|ARM.Build.0 = Debug|Any CPU
		{5198B87D-8E7B-48D9-960D-63170A6956C5}.Debug|x64.ActiveCfg = Debug|Any CPU
		{5198B87D-8E7B-48D9-960D-63170A6956C5}.Debug|x64.Build.0 = Debug|Any CPU
		{5198B87D-8E7B-48D9-960D-63170A6956C5}.Debug|x86.ActiveCfg = Debug|Any CPU
		{5198B87D-8E7B-48D9-960D-63170A6956C5}.Debug|x86.Build.0 = Debug|Any CPU
		{5198B87D-8E7B-48D9-960D-63170A6956C5}.Release|Any CPU.ActiveCfg = Release|Any CPU
		{5198B87D-8E7B-48D9-960D-63170A6956C5}.Release|Any CPU.Build.0 = Release|Any CPU
		{5198B87D-8E7B-48D9-960D-63170A6956C5}.Release|ARM.ActiveCfg = Release|Any CPU
		{5198B87D-8E7B-48D9-960D-63170A6956C5}.Release|ARM.Build.0 = Release|Any CPU
		{5198B87D-8E7B-48D9-960D-63170A6956C5}.Release|x64.ActiveCfg = Release|Any CPU
		{5198B87D-8E7B-48D9-960D-63170A6956C5}.Release|x64.Build.0 = Release|Any CPU
		{5198B87D-8E7B-48D9-960D-63170A6956C5}.Release|x86.ActiveCfg = Release|Any CPU
		{5198B87D-8E7B-48D9-960D-63170A6956C5}.Release|x86.Build.0 = Release|Any CPU
		{B633FE8C-B40E-4122-A763-F94C8B1A70F8}.Debug|Any CPU.ActiveCfg = Debug|Any CPU
		{B633FE8C-B40E-4122-A763-F94C8B1A70F8}.Debug|Any CPU.Build.0 = Debug|Any CPU
		{B633FE8C-B40E-4122-A763-F94C8B1A70F8}.Debug|ARM.ActiveCfg = Debug|Any CPU
		{B633FE8C-B40E-4122-A763-F94C8B1A70F8}.Debug|ARM.Build.0 = Debug|Any CPU
		{B633FE8C-B40E-4122-A763-F94C8B1A70F8}.Debug|x64.ActiveCfg = Debug|Any CPU
		{B633FE8C-B40E-4122-A763-F94C8B1A70F8}.Debug|x64.Build.0 = Debug|Any CPU
		{B633FE8C-B40E-4122-A763-F94C8B1A70F8}.Debug|x86.ActiveCfg = Debug|Any CPU
		{B633FE8C-B40E-4122-A763-F94C8B1A70F8}.Debug|x86.Build.0 = Debug|Any CPU
		{B633FE8C-B40E-4122-A763-F94C8B1A70F8}.Release|Any CPU.ActiveCfg = Release|Any CPU
		{B633FE8C-B40E-4122-A763-F94C8B1A70F8}.Release|Any CPU.Build.0 = Release|Any CPU
		{B633FE8C-B40E-4122-A763-F94C8B1A70F8}.Release|ARM.ActiveCfg = Release|Any CPU
		{B633FE8C-B40E-4122-A763-F94C8B1A70F8}.Release|ARM.Build.0 = Release|Any CPU
		{B633FE8C-B40E-4122-A763-F94C8B1A70F8}.Release|x64.ActiveCfg = Release|Any CPU
		{B633FE8C-B40E-4122-A763-F94C8B1A70F8}.Release|x64.Build.0 = Release|Any CPU
		{B633FE8C-B40E-4122-A763-F94C8B1A70F8}.Release|x86.ActiveCfg = Release|Any CPU
		{B633FE8C-B40E-4122-A763-F94C8B1A70F8}.Release|x86.Build.0 = Release|Any CPU
		{67F9D3A8-F71E-4428-913F-C37AE82CDB24}.Debug|Any CPU.ActiveCfg = Debug|Any CPU
		{67F9D3A8-F71E-4428-913F-C37AE82CDB24}.Debug|Any CPU.Build.0 = Debug|Any CPU
		{67F9D3A8-F71E-4428-913F-C37AE82CDB24}.Debug|ARM.ActiveCfg = Debug|Any CPU
		{67F9D3A8-F71E-4428-913F-C37AE82CDB24}.Debug|ARM.Build.0 = Debug|Any CPU
		{67F9D3A8-F71E-4428-913F-C37AE82CDB24}.Debug|x64.ActiveCfg = Debug|Any CPU
		{67F9D3A8-F71E-4428-913F-C37AE82CDB24}.Debug|x64.Build.0 = Debug|Any CPU
		{67F9D3A8-F71E-4428-913F-C37AE82CDB24}.Debug|x86.ActiveCfg = Debug|Any CPU
		{67F9D3A8-F71E-4428-913F-C37AE82CDB24}.Debug|x86.Build.0 = Debug|Any CPU
		{67F9D3A8-F71E-4428-913F-C37AE82CDB24}.Release|Any CPU.ActiveCfg = Release|Any CPU
		{67F9D3A8-F71E-4428-913F-C37AE82CDB24}.Release|Any CPU.Build.0 = Release|Any CPU
		{67F9D3A8-F71E-4428-913F-C37AE82CDB24}.Release|ARM.ActiveCfg = Release|Any CPU
		{67F9D3A8-F71E-4428-913F-C37AE82CDB24}.Release|ARM.Build.0 = Release|Any CPU
		{67F9D3A8-F71E-4428-913F-C37AE82CDB24}.Release|x64.ActiveCfg = Release|Any CPU
		{67F9D3A8-F71E-4428-913F-C37AE82CDB24}.Release|x64.Build.0 = Release|Any CPU
		{67F9D3A8-F71E-4428-913F-C37AE82CDB24}.Release|x86.ActiveCfg = Release|Any CPU
		{67F9D3A8-F71E-4428-913F-C37AE82CDB24}.Release|x86.Build.0 = Release|Any CPU
		{0ECBE3D9-AED4-419D-A6E3-C53D5CE2A02A}.Debug|Any CPU.ActiveCfg = Debug|Any CPU
		{0ECBE3D9-AED4-419D-A6E3-C53D5CE2A02A}.Debug|Any CPU.Build.0 = Debug|Any CPU
		{0ECBE3D9-AED4-419D-A6E3-C53D5CE2A02A}.Debug|ARM.ActiveCfg = Debug|Any CPU
		{0ECBE3D9-AED4-419D-A6E3-C53D5CE2A02A}.Debug|ARM.Build.0 = Debug|Any CPU
		{0ECBE3D9-AED4-419D-A6E3-C53D5CE2A02A}.Debug|x64.ActiveCfg = Debug|Any CPU
		{0ECBE3D9-AED4-419D-A6E3-C53D5CE2A02A}.Debug|x64.Build.0 = Debug|Any CPU
		{0ECBE3D9-AED4-419D-A6E3-C53D5CE2A02A}.Debug|x86.ActiveCfg = Debug|Any CPU
		{0ECBE3D9-AED4-419D-A6E3-C53D5CE2A02A}.Debug|x86.Build.0 = Debug|Any CPU
		{0ECBE3D9-AED4-419D-A6E3-C53D5CE2A02A}.Release|Any CPU.ActiveCfg = Release|Any CPU
		{0ECBE3D9-AED4-419D-A6E3-C53D5CE2A02A}.Release|Any CPU.Build.0 = Release|Any CPU
		{0ECBE3D9-AED4-419D-A6E3-C53D5CE2A02A}.Release|ARM.ActiveCfg = Release|Any CPU
		{0ECBE3D9-AED4-419D-A6E3-C53D5CE2A02A}.Release|ARM.Build.0 = Release|Any CPU
		{0ECBE3D9-AED4-419D-A6E3-C53D5CE2A02A}.Release|x64.ActiveCfg = Release|Any CPU
		{0ECBE3D9-AED4-419D-A6E3-C53D5CE2A02A}.Release|x64.Build.0 = Release|Any CPU
		{0ECBE3D9-AED4-419D-A6E3-C53D5CE2A02A}.Release|x86.ActiveCfg = Release|Any CPU
		{0ECBE3D9-AED4-419D-A6E3-C53D5CE2A02A}.Release|x86.Build.0 = Release|Any CPU
		{716DDF06-431F-4ADA-BF42-DD28ABF6586A}.Debug|Any CPU.ActiveCfg = Debug|Any CPU
		{716DDF06-431F-4ADA-BF42-DD28ABF6586A}.Debug|Any CPU.Build.0 = Debug|Any CPU
		{716DDF06-431F-4ADA-BF42-DD28ABF6586A}.Debug|ARM.ActiveCfg = Debug|Any CPU
		{716DDF06-431F-4ADA-BF42-DD28ABF6586A}.Debug|x64.ActiveCfg = Debug|Any CPU
		{716DDF06-431F-4ADA-BF42-DD28ABF6586A}.Debug|x86.ActiveCfg = Debug|Any CPU
		{716DDF06-431F-4ADA-BF42-DD28ABF6586A}.Release|Any CPU.ActiveCfg = Release|Any CPU
		{716DDF06-431F-4ADA-BF42-DD28ABF6586A}.Release|Any CPU.Build.0 = Release|Any CPU
		{716DDF06-431F-4ADA-BF42-DD28ABF6586A}.Release|ARM.ActiveCfg = Release|Any CPU
		{716DDF06-431F-4ADA-BF42-DD28ABF6586A}.Release|x64.ActiveCfg = Release|Any CPU
		{716DDF06-431F-4ADA-BF42-DD28ABF6586A}.Release|x86.ActiveCfg = Release|Any CPU
		{FB6B7A28-DA0C-47EC-BC47-E57BDF33643C}.Debug|Any CPU.ActiveCfg = Debug|Any CPU
		{FB6B7A28-DA0C-47EC-BC47-E57BDF33643C}.Debug|Any CPU.Build.0 = Debug|Any CPU
		{FB6B7A28-DA0C-47EC-BC47-E57BDF33643C}.Debug|ARM.ActiveCfg = Debug|Any CPU
		{FB6B7A28-DA0C-47EC-BC47-E57BDF33643C}.Debug|x64.ActiveCfg = Debug|Any CPU
		{FB6B7A28-DA0C-47EC-BC47-E57BDF33643C}.Debug|x86.ActiveCfg = Debug|Any CPU
		{FB6B7A28-DA0C-47EC-BC47-E57BDF33643C}.Release|Any CPU.ActiveCfg = Release|Any CPU
		{FB6B7A28-DA0C-47EC-BC47-E57BDF33643C}.Release|Any CPU.Build.0 = Release|Any CPU
		{FB6B7A28-DA0C-47EC-BC47-E57BDF33643C}.Release|ARM.ActiveCfg = Release|Any CPU
		{FB6B7A28-DA0C-47EC-BC47-E57BDF33643C}.Release|x64.ActiveCfg = Release|Any CPU
		{FB6B7A28-DA0C-47EC-BC47-E57BDF33643C}.Release|x86.ActiveCfg = Release|Any CPU
		{3B59764E-A9C4-4DA8-9F96-716226F6BD8E}.Debug|Any CPU.ActiveCfg = Debug|Any CPU
		{3B59764E-A9C4-4DA8-9F96-716226F6BD8E}.Debug|Any CPU.Build.0 = Debug|Any CPU
		{3B59764E-A9C4-4DA8-9F96-716226F6BD8E}.Debug|ARM.ActiveCfg = Debug|Any CPU
		{3B59764E-A9C4-4DA8-9F96-716226F6BD8E}.Debug|x64.ActiveCfg = Debug|Any CPU
		{3B59764E-A9C4-4DA8-9F96-716226F6BD8E}.Debug|x86.ActiveCfg = Debug|Any CPU
		{3B59764E-A9C4-4DA8-9F96-716226F6BD8E}.Release|Any CPU.ActiveCfg = Release|Any CPU
		{3B59764E-A9C4-4DA8-9F96-716226F6BD8E}.Release|Any CPU.Build.0 = Release|Any CPU
		{3B59764E-A9C4-4DA8-9F96-716226F6BD8E}.Release|ARM.ActiveCfg = Release|Any CPU
		{3B59764E-A9C4-4DA8-9F96-716226F6BD8E}.Release|x64.ActiveCfg = Release|Any CPU
		{3B59764E-A9C4-4DA8-9F96-716226F6BD8E}.Release|x86.ActiveCfg = Release|Any CPU
	EndGlobalSection
	GlobalSection(SolutionProperties) = preSolution
		HideSolutionNode = FALSE
	EndGlobalSection
	GlobalSection(NestedProjects) = preSolution
		{EF2C0C7D-3FFE-4884-9AAC-7622FEE66809} = {266A0FDB-CA59-4E27-B258-9552E368BE46}
		{374C996D-59C3-426D-B6BD-D884348BE7C8} = {75218E6C-3CF6-4A27-877B-5563A2BFB4A3}
		{B633FE8C-B40E-4122-A763-F94C8B1A70F8} = {266A0FDB-CA59-4E27-B258-9552E368BE46}
		{67F9D3A8-F71E-4428-913F-C37AE82CDB24} = {266A0FDB-CA59-4E27-B258-9552E368BE46}
		{0ECBE3D9-AED4-419D-A6E3-C53D5CE2A02A} = {266A0FDB-CA59-4E27-B258-9552E368BE46}
		{FB6B7A28-DA0C-47EC-BC47-E57BDF33643C} = {EE02C6EF-551A-4FB9-81D8-5F707116EEBC}
		{3B59764E-A9C4-4DA8-9F96-716226F6BD8E} = {EE02C6EF-551A-4FB9-81D8-5F707116EEBC}
	EndGlobalSection
EndGlobal
