
Microsoft Visual Studio Solution File, Format Version 12.00
# Visual Studio 2013
VisualStudioVersion = 12.0.40629.0
MinimumVisualStudioVersion = 10.0.40219.1
Project("{FAE04EC0-301F-11D3-BF4B-00C04F79EFBC}") = "Caliburn.Micro.Hello", "Caliburn.Micro.Hello\Caliburn.Micro.Hello\Caliburn.Micro.Hello.csproj", "{3777F0C7-CD1D-4964-AF3F-FFCBF61AA9B1}"
EndProject
Project("{FAE04EC0-301F-11D3-BF4B-00C04F79EFBC}") = "Caliburn.Micro.BubblingAction", "Caliburn.Micro.BubblingAction\Caliburn.Micro.BubblingAction\Caliburn.Micro.BubblingAction.csproj", "{53F392A8-74A9-4AEC-AE87-4271877373B3}"
EndProject
Project("{2150E333-8FDC-42A3-9474-1A3956D46DE8}") = "Caliburn.Micro.Coroutines", "Caliburn.Micro.Coroutines", "{60DF5CE6-F0FF-4CD1-8BFA-8C1C83938C56}"
EndProject
Project("{FAE04EC0-301F-11D3-BF4B-00C04F79EFBC}") = "Caliburn.Micro.Coroutines", "Caliburn.Micro.Coroutines\Caliburn.Micro.Coroutines\Caliburn.Micro.Coroutines.csproj", "{A7C0657A-0B1D-4E72-97A1-E616A9E07D56}"
EndProject
Project("{FAE04EC0-301F-11D3-BF4B-00C04F79EFBC}") = "Caliburn.Micro.Coroutines.External", "Caliburn.Micro.Coroutines\Caliburn.Micro.Coroutines.External\Caliburn.Micro.Coroutines.External.csproj", "{2400BC51-BF6A-4225-80A6-BC639ED73033}"
EndProject
Project("{FAE04EC0-301F-11D3-BF4B-00C04F79EFBC}") = "Host", "Caliburn.Micro.Coroutines\Host\Host.csproj", "{71B3BB3D-2B4F-4A3F-A0F9-8F697EE6054D}"
EndProject
Project("{FAE04EC0-301F-11D3-BF4B-00C04F79EFBC}") = "Caliburn.Micro.HelloEventAggregator", "Caliburn.Micro.HelloEventAggregator\Caliburn.Micro.HelloEventAggregator\Caliburn.Micro.HelloEventAggregator.csproj", "{2CA84F43-5B28-4D73-9ABF-89DEB46E8EFF}"
EndProject
Project("{FAE04EC0-301F-11D3-BF4B-00C04F79EFBC}") = "Caliburn.Micro.HelloExplicitAction", "Caliburn.Micro.HelloExplicitAction\Caliburn.Micro.Hello\Caliburn.Micro.HelloExplicitAction.csproj", "{D357BAE6-E936-4B8E-BE24-C91DB67DCA57}"
EndProject
Project("{FAE04EC0-301F-11D3-BF4B-00C04F79EFBC}") = "Caliburn.Micro.HelloMef", "Caliburn.Micro.HelloMef\Caliburn.Micro.HelloMef\Caliburn.Micro.HelloMef.csproj", "{2F32D4E9-DBDE-4B60-9FB1-B8E7A9C8E672}"
EndProject
Project("{FAE04EC0-301F-11D3-BF4B-00C04F79EFBC}") = "Caliburn.Micro.HelloParameters", "Caliburn.Micro.HelloParameters\Caliburn.Micro.HelloParameters\Caliburn.Micro.HelloParameters.csproj", "{FBA58DBE-7612-490E-8766-D45F839FE767}"
EndProject
Project("{2150E333-8FDC-42A3-9474-1A3956D46DE8}") = "Caliburn.Micro.HelloPortable", "Caliburn.Micro.HelloPortable", "{CCD60123-8A74-41CE-B2B5-FF10D560BA36}"
EndProject
Project("{FAE04EC0-301F-11D3-BF4B-00C04F79EFBC}") = "Caliburn.Micro.HelloPortable.Portable", "Caliburn.Micro.HelloPortable\Caliburn.Micro.HelloPortable\Caliburn.Micro.HelloPortable.Portable\Caliburn.Micro.HelloPortable.Portable.csproj", "{7D817598-0EA6-4D00-8B11-42B4769E27BF}"
EndProject
Project("{D954291E-2A0B-460D-934E-DC6B0785DB48}") = "Caliburn.Micro.HelloPortable.Shared", "Caliburn.Micro.HelloPortable\Caliburn.Micro.HelloPortable\Caliburn.Micro.HelloPortable.Shared\Caliburn.Micro.HelloPortable.Shared.shproj", "{E2EC3D03-BC68-4A72-AD95-D6F7D55F5148}"
EndProject
Project("{FAE04EC0-301F-11D3-BF4B-00C04F79EFBC}") = "Caliburn.Micro.HelloPortable.Windows", "Caliburn.Micro.HelloPortable\Caliburn.Micro.HelloPortable\Caliburn.Micro.HelloPortable.Windows\Caliburn.Micro.HelloPortable.Windows.csproj", "{50B02AD4-6699-409E-AADB-EBCE459B36FE}"
EndProject
Project("{FAE04EC0-301F-11D3-BF4B-00C04F79EFBC}") = "Caliburn.Micro.HelloPortable.WindowsPhone", "Caliburn.Micro.HelloPortable\Caliburn.Micro.HelloPortable\Caliburn.Micro.HelloPortable.WindowsPhone\Caliburn.Micro.HelloPortable.WindowsPhone.csproj", "{BB04E890-E6A3-4FA1-8147-5A17BFA2FD16}"
EndProject
Project("{FAE04EC0-301F-11D3-BF4B-00C04F79EFBC}") = "Caliburn.Micro.HelloScreens", "Caliburn.Micro.HelloScreens\Caliburn.Micro.HelloScreens\Caliburn.Micro.HelloScreens.csproj", "{FE5DC5CB-D16A-4A4C-A0E5-92CB9C55C94D}"
EndProject
Project("{FAE04EC0-301F-11D3-BF4B-00C04F79EFBC}") = "Caliburn.Micro.HelloSimpleContainer", "Caliburn.Micro.HelloSimpleContainer\Caliburn.Micro.HelloSimpleContainer\Caliburn.Micro.HelloSimpleContainer.csproj", "{A47881F2-CC8D-4744-84CC-DFC6C2A5999E}"
EndProject
Project("{FAE04EC0-301F-11D3-BF4B-00C04F79EFBC}") = "Caliburn.Micro.HelloWindowManager", "Caliburn.Micro.HelloWindowManager\Caliburn.Micro.HelloWindowManager\Caliburn.Micro.HelloWindowManager.csproj", "{250F5661-596A-4D8A-9F45-6B76AEC79E3A}"
EndProject
Project("{FAE04EC0-301F-11D3-BF4B-00C04F79EFBC}") = "Caliburn.Micro.KeyBinding", "Caliburn.Micro.KeyBinding\Caliburn.Micro.KeyBinding\Caliburn.Micro.KeyBinding.csproj", "{41AABA12-FFAD-424D-BB8A-F7F1111EE6AB}"
EndProject
Project("{FAE04EC0-301F-11D3-BF4B-00C04F79EFBC}") = "Caliburn.Micro.SimpleMDI", "Caliburn.Micro.SimpleMDI\Caliburn.Micro.SimpleMDI\Caliburn.Micro.SimpleMDI.csproj", "{50D9F822-15E6-4492-BD89-DF350566ADBF}"
EndProject
Project("{FAE04EC0-301F-11D3-BF4B-00C04F79EFBC}") = "Caliburn.Micro.SimpleNavigation", "Caliburn.Micro.SimpleNavigation\Caliburn.Micro.SimpleNavigation\Caliburn.Micro.SimpleNavigation.csproj", "{EF8546AF-1D38-4F3F-AF88-942ECE42C565}"
EndProject
Project("{FAE04EC0-301F-11D3-BF4B-00C04F79EFBC}") = "Caliburn.Micro.State", "Caliburn.Micro.State\Caliburn.Micro.State\Caliburn.Micro.State.csproj", "{285953CE-1132-4956-8C34-F993FDFF069D}"
EndProject
Project("{FAE04EC0-301F-11D3-BF4B-00C04F79EFBC}") = "Caliburn.Micro.ViewFirst", "Caliburn.Micro.ViewFirst\Caliburn.Micro.ViewFirst\Caliburn.Micro.ViewFirst.csproj", "{76401E42-7302-4C2E-BF5D-8313656629BB}"
EndProject
Project("{FAE04EC0-301F-11D3-BF4B-00C04F79EFBC}") = "Caliburn.Micro.WinFormsInterop", "Caliburn.Micro.WinFormsInterop\Caliburn.Micro.WinFormsInterop\Caliburn.Micro.WinFormsInterop.csproj", "{FFC90E95-3470-4F87-98B5-4EECA016AF75}"
EndProject
Project("{2150E333-8FDC-42A3-9474-1A3956D46DE8}") = "CM.HelloUniversal", "CM.HelloUniversal", "{86BCFFB3-3675-4B17-8AB1-030495D49091}"
EndProject
Project("{D954291E-2A0B-460D-934E-DC6B0785DB48}") = "CM.HelloUniversal.Shared", "CM.HelloUniversal\CM.HelloUniversal\CM.HelloUniversal.Shared\CM.HelloUniversal.Shared.shproj", "{CFAB0456-4B49-4502-BFCC-6E5B4A7DB1FE}"
EndProject
Project("{FAE04EC0-301F-11D3-BF4B-00C04F79EFBC}") = "CM.HelloUniversal.Windows", "CM.HelloUniversal\CM.HelloUniversal\CM.HelloUniversal.Windows\CM.HelloUniversal.Windows.csproj", "{C37C10BD-1E25-4E50-B7FD-FFBEB8D78232}"
EndProject
Project("{FAE04EC0-301F-11D3-BF4B-00C04F79EFBC}") = "CM.HelloUniversal.WindowsPhone", "CM.HelloUniversal\CM.HelloUniversal\CM.HelloUniversal.WindowsPhone\CM.HelloUniversal.WindowsPhone.csproj", "{5E34C621-E20C-40FA-8E79-47EF6CF4629D}"
EndProject
Project("{FAE04EC0-301F-11D3-BF4B-00C04F79EFBC}") = "GameLibrary", "GameLibrary\GameLibrary\GameLibrary.csproj", "{477DEB3C-8B90-4C0D-9A3D-2644F123A84C}"
EndProject
Global
	GlobalSection(SharedMSBuildProjectFiles) = preSolution
		Caliburn.Micro.HelloPortable\Caliburn.Micro.HelloPortable\Caliburn.Micro.HelloPortable.Shared\Caliburn.Micro.HelloPortable.Shared.projitems*{e2ec3d03-bc68-4a72-ad95-d6f7d55f5148}*SharedItemsImports = 13
		CM.HelloUniversal\CM.HelloUniversal\CM.HelloUniversal.Shared\CM.HelloUniversal.Shared.projitems*{cfab0456-4b49-4502-bfcc-6e5b4a7db1fe}*SharedItemsImports = 13
	EndGlobalSection
	GlobalSection(SolutionConfigurationPlatforms) = preSolution
		Debug|Any CPU = Debug|Any CPU
		Debug|ARM = Debug|ARM
		Debug|Mixed Platforms = Debug|Mixed Platforms
		Debug|x64 = Debug|x64
		Debug|x86 = Debug|x86
		Release|Any CPU = Release|Any CPU
		Release|ARM = Release|ARM
		Release|Mixed Platforms = Release|Mixed Platforms
		Release|x64 = Release|x64
		Release|x86 = Release|x86
	EndGlobalSection
	GlobalSection(ProjectConfigurationPlatforms) = postSolution
		{3777F0C7-CD1D-4964-AF3F-FFCBF61AA9B1}.Debug|Any CPU.ActiveCfg = Debug|Any CPU
		{3777F0C7-CD1D-4964-AF3F-FFCBF61AA9B1}.Debug|Any CPU.Build.0 = Debug|Any CPU
		{3777F0C7-CD1D-4964-AF3F-FFCBF61AA9B1}.Debug|ARM.ActiveCfg = Debug|Any CPU
		{3777F0C7-CD1D-4964-AF3F-FFCBF61AA9B1}.Debug|Mixed Platforms.ActiveCfg = Debug|Any CPU
		{3777F0C7-CD1D-4964-AF3F-FFCBF61AA9B1}.Debug|Mixed Platforms.Build.0 = Debug|Any CPU
		{3777F0C7-CD1D-4964-AF3F-FFCBF61AA9B1}.Debug|x64.ActiveCfg = Debug|Any CPU
		{3777F0C7-CD1D-4964-AF3F-FFCBF61AA9B1}.Debug|x86.ActiveCfg = Debug|Any CPU
		{3777F0C7-CD1D-4964-AF3F-FFCBF61AA9B1}.Release|Any CPU.ActiveCfg = Release|Any CPU
		{3777F0C7-CD1D-4964-AF3F-FFCBF61AA9B1}.Release|Any CPU.Build.0 = Release|Any CPU
		{3777F0C7-CD1D-4964-AF3F-FFCBF61AA9B1}.Release|ARM.ActiveCfg = Release|Any CPU
		{3777F0C7-CD1D-4964-AF3F-FFCBF61AA9B1}.Release|Mixed Platforms.ActiveCfg = Release|Any CPU
		{3777F0C7-CD1D-4964-AF3F-FFCBF61AA9B1}.Release|Mixed Platforms.Build.0 = Release|Any CPU
		{3777F0C7-CD1D-4964-AF3F-FFCBF61AA9B1}.Release|x64.ActiveCfg = Release|Any CPU
		{3777F0C7-CD1D-4964-AF3F-FFCBF61AA9B1}.Release|x86.ActiveCfg = Release|Any CPU
		{53F392A8-74A9-4AEC-AE87-4271877373B3}.Debug|Any CPU.ActiveCfg = Debug|Any CPU
		{53F392A8-74A9-4AEC-AE87-4271877373B3}.Debug|Any CPU.Build.0 = Debug|Any CPU
		{53F392A8-74A9-4AEC-AE87-4271877373B3}.Debug|ARM.ActiveCfg = Debug|Any CPU
		{53F392A8-74A9-4AEC-AE87-4271877373B3}.Debug|Mixed Platforms.ActiveCfg = Debug|Any CPU
		{53F392A8-74A9-4AEC-AE87-4271877373B3}.Debug|Mixed Platforms.Build.0 = Debug|Any CPU
		{53F392A8-74A9-4AEC-AE87-4271877373B3}.Debug|x64.ActiveCfg = Debug|Any CPU
		{53F392A8-74A9-4AEC-AE87-4271877373B3}.Debug|x86.ActiveCfg = Debug|Any CPU
		{53F392A8-74A9-4AEC-AE87-4271877373B3}.Release|Any CPU.ActiveCfg = Release|Any CPU
		{53F392A8-74A9-4AEC-AE87-4271877373B3}.Release|Any CPU.Build.0 = Release|Any CPU
		{53F392A8-74A9-4AEC-AE87-4271877373B3}.Release|ARM.ActiveCfg = Release|Any CPU
		{53F392A8-74A9-4AEC-AE87-4271877373B3}.Release|Mixed Platforms.ActiveCfg = Release|Any CPU
		{53F392A8-74A9-4AEC-AE87-4271877373B3}.Release|Mixed Platforms.Build.0 = Release|Any CPU
		{53F392A8-74A9-4AEC-AE87-4271877373B3}.Release|x64.ActiveCfg = Release|Any CPU
		{53F392A8-74A9-4AEC-AE87-4271877373B3}.Release|x86.ActiveCfg = Release|Any CPU
		{A7C0657A-0B1D-4E72-97A1-E616A9E07D56}.Debug|Any CPU.ActiveCfg = Debug|Any CPU
		{A7C0657A-0B1D-4E72-97A1-E616A9E07D56}.Debug|Any CPU.Build.0 = Debug|Any CPU
		{A7C0657A-0B1D-4E72-97A1-E616A9E07D56}.Debug|ARM.ActiveCfg = Debug|Any CPU
		{A7C0657A-0B1D-4E72-97A1-E616A9E07D56}.Debug|Mixed Platforms.ActiveCfg = Debug|Any CPU
		{A7C0657A-0B1D-4E72-97A1-E616A9E07D56}.Debug|Mixed Platforms.Build.0 = Debug|Any CPU
		{A7C0657A-0B1D-4E72-97A1-E616A9E07D56}.Debug|x64.ActiveCfg = Debug|Any CPU
		{A7C0657A-0B1D-4E72-97A1-E616A9E07D56}.Debug|x86.ActiveCfg = Debug|Any CPU
		{A7C0657A-0B1D-4E72-97A1-E616A9E07D56}.Release|Any CPU.ActiveCfg = Release|Any CPU
		{A7C0657A-0B1D-4E72-97A1-E616A9E07D56}.Release|Any CPU.Build.0 = Release|Any CPU
		{A7C0657A-0B1D-4E72-97A1-E616A9E07D56}.Release|ARM.ActiveCfg = Release|Any CPU
		{A7C0657A-0B1D-4E72-97A1-E616A9E07D56}.Release|Mixed Platforms.ActiveCfg = Release|Any CPU
		{A7C0657A-0B1D-4E72-97A1-E616A9E07D56}.Release|Mixed Platforms.Build.0 = Release|Any CPU
		{A7C0657A-0B1D-4E72-97A1-E616A9E07D56}.Release|x64.ActiveCfg = Release|Any CPU
		{A7C0657A-0B1D-4E72-97A1-E616A9E07D56}.Release|x86.ActiveCfg = Release|Any CPU
		{2400BC51-BF6A-4225-80A6-BC639ED73033}.Debug|Any CPU.ActiveCfg = Debug|Any CPU
		{2400BC51-BF6A-4225-80A6-BC639ED73033}.Debug|Any CPU.Build.0 = Debug|Any CPU
		{2400BC51-BF6A-4225-80A6-BC639ED73033}.Debug|ARM.ActiveCfg = Debug|Any CPU
		{2400BC51-BF6A-4225-80A6-BC639ED73033}.Debug|Mixed Platforms.ActiveCfg = Debug|Any CPU
		{2400BC51-BF6A-4225-80A6-BC639ED73033}.Debug|Mixed Platforms.Build.0 = Debug|Any CPU
		{2400BC51-BF6A-4225-80A6-BC639ED73033}.Debug|x64.ActiveCfg = Debug|Any CPU
		{2400BC51-BF6A-4225-80A6-BC639ED73033}.Debug|x86.ActiveCfg = Debug|Any CPU
		{2400BC51-BF6A-4225-80A6-BC639ED73033}.Release|Any CPU.ActiveCfg = Release|Any CPU
		{2400BC51-BF6A-4225-80A6-BC639ED73033}.Release|Any CPU.Build.0 = Release|Any CPU
		{2400BC51-BF6A-4225-80A6-BC639ED73033}.Release|ARM.ActiveCfg = Release|Any CPU
		{2400BC51-BF6A-4225-80A6-BC639ED73033}.Release|Mixed Platforms.ActiveCfg = Release|Any CPU
		{2400BC51-BF6A-4225-80A6-BC639ED73033}.Release|Mixed Platforms.Build.0 = Release|Any CPU
		{2400BC51-BF6A-4225-80A6-BC639ED73033}.Release|x64.ActiveCfg = Release|Any CPU
		{2400BC51-BF6A-4225-80A6-BC639ED73033}.Release|x86.ActiveCfg = Release|Any CPU
		{71B3BB3D-2B4F-4A3F-A0F9-8F697EE6054D}.Debug|Any CPU.ActiveCfg = Debug|Any CPU
		{71B3BB3D-2B4F-4A3F-A0F9-8F697EE6054D}.Debug|Any CPU.Build.0 = Debug|Any CPU
		{71B3BB3D-2B4F-4A3F-A0F9-8F697EE6054D}.Debug|ARM.ActiveCfg = Debug|Any CPU
		{71B3BB3D-2B4F-4A3F-A0F9-8F697EE6054D}.Debug|Mixed Platforms.ActiveCfg = Debug|Any CPU
		{71B3BB3D-2B4F-4A3F-A0F9-8F697EE6054D}.Debug|Mixed Platforms.Build.0 = Debug|Any CPU
		{71B3BB3D-2B4F-4A3F-A0F9-8F697EE6054D}.Debug|x64.ActiveCfg = Debug|Any CPU
		{71B3BB3D-2B4F-4A3F-A0F9-8F697EE6054D}.Debug|x86.ActiveCfg = Debug|Any CPU
		{71B3BB3D-2B4F-4A3F-A0F9-8F697EE6054D}.Release|Any CPU.ActiveCfg = Release|Any CPU
		{71B3BB3D-2B4F-4A3F-A0F9-8F697EE6054D}.Release|Any CPU.Build.0 = Release|Any CPU
		{71B3BB3D-2B4F-4A3F-A0F9-8F697EE6054D}.Release|ARM.ActiveCfg = Release|Any CPU
		{71B3BB3D-2B4F-4A3F-A0F9-8F697EE6054D}.Release|Mixed Platforms.ActiveCfg = Release|Any CPU
		{71B3BB3D-2B4F-4A3F-A0F9-8F697EE6054D}.Release|Mixed Platforms.Build.0 = Release|Any CPU
		{71B3BB3D-2B4F-4A3F-A0F9-8F697EE6054D}.Release|x64.ActiveCfg = Release|Any CPU
		{71B3BB3D-2B4F-4A3F-A0F9-8F697EE6054D}.Release|x86.ActiveCfg = Release|Any CPU
		{2CA84F43-5B28-4D73-9ABF-89DEB46E8EFF}.Debug|Any CPU.ActiveCfg = Debug|Any CPU
		{2CA84F43-5B28-4D73-9ABF-89DEB46E8EFF}.Debug|Any CPU.Build.0 = Debug|Any CPU
		{2CA84F43-5B28-4D73-9ABF-89DEB46E8EFF}.Debug|ARM.ActiveCfg = Debug|Any CPU
		{2CA84F43-5B28-4D73-9ABF-89DEB46E8EFF}.Debug|Mixed Platforms.ActiveCfg = Debug|Any CPU
		{2CA84F43-5B28-4D73-9ABF-89DEB46E8EFF}.Debug|Mixed Platforms.Build.0 = Debug|Any CPU
		{2CA84F43-5B28-4D73-9ABF-89DEB46E8EFF}.Debug|x64.ActiveCfg = Debug|Any CPU
		{2CA84F43-5B28-4D73-9ABF-89DEB46E8EFF}.Debug|x86.ActiveCfg = Debug|Any CPU
		{2CA84F43-5B28-4D73-9ABF-89DEB46E8EFF}.Release|Any CPU.ActiveCfg = Release|Any CPU
		{2CA84F43-5B28-4D73-9ABF-89DEB46E8EFF}.Release|Any CPU.Build.0 = Release|Any CPU
		{2CA84F43-5B28-4D73-9ABF-89DEB46E8EFF}.Release|ARM.ActiveCfg = Release|Any CPU
		{2CA84F43-5B28-4D73-9ABF-89DEB46E8EFF}.Release|Mixed Platforms.ActiveCfg = Release|Any CPU
		{2CA84F43-5B28-4D73-9ABF-89DEB46E8EFF}.Release|Mixed Platforms.Build.0 = Release|Any CPU
		{2CA84F43-5B28-4D73-9ABF-89DEB46E8EFF}.Release|x64.ActiveCfg = Release|Any CPU
		{2CA84F43-5B28-4D73-9ABF-89DEB46E8EFF}.Release|x86.ActiveCfg = Release|Any CPU
		{D357BAE6-E936-4B8E-BE24-C91DB67DCA57}.Debug|Any CPU.ActiveCfg = Debug|Any CPU
		{D357BAE6-E936-4B8E-BE24-C91DB67DCA57}.Debug|Any CPU.Build.0 = Debug|Any CPU
		{D357BAE6-E936-4B8E-BE24-C91DB67DCA57}.Debug|ARM.ActiveCfg = Debug|Any CPU
		{D357BAE6-E936-4B8E-BE24-C91DB67DCA57}.Debug|Mixed Platforms.ActiveCfg = Debug|Any CPU
		{D357BAE6-E936-4B8E-BE24-C91DB67DCA57}.Debug|Mixed Platforms.Build.0 = Debug|Any CPU
		{D357BAE6-E936-4B8E-BE24-C91DB67DCA57}.Debug|x64.ActiveCfg = Debug|Any CPU
		{D357BAE6-E936-4B8E-BE24-C91DB67DCA57}.Debug|x86.ActiveCfg = Debug|Any CPU
		{D357BAE6-E936-4B8E-BE24-C91DB67DCA57}.Release|Any CPU.ActiveCfg = Release|Any CPU
		{D357BAE6-E936-4B8E-BE24-C91DB67DCA57}.Release|Any CPU.Build.0 = Release|Any CPU
		{D357BAE6-E936-4B8E-BE24-C91DB67DCA57}.Release|ARM.ActiveCfg = Release|Any CPU
		{D357BAE6-E936-4B8E-BE24-C91DB67DCA57}.Release|Mixed Platforms.ActiveCfg = Release|Any CPU
		{D357BAE6-E936-4B8E-BE24-C91DB67DCA57}.Release|Mixed Platforms.Build.0 = Release|Any CPU
		{D357BAE6-E936-4B8E-BE24-C91DB67DCA57}.Release|x64.ActiveCfg = Release|Any CPU
		{D357BAE6-E936-4B8E-BE24-C91DB67DCA57}.Release|x86.ActiveCfg = Release|Any CPU
		{2F32D4E9-DBDE-4B60-9FB1-B8E7A9C8E672}.Debug|Any CPU.ActiveCfg = Debug|Any CPU
		{2F32D4E9-DBDE-4B60-9FB1-B8E7A9C8E672}.Debug|Any CPU.Build.0 = Debug|Any CPU
		{2F32D4E9-DBDE-4B60-9FB1-B8E7A9C8E672}.Debug|ARM.ActiveCfg = Debug|Any CPU
		{2F32D4E9-DBDE-4B60-9FB1-B8E7A9C8E672}.Debug|Mixed Platforms.ActiveCfg = Debug|Any CPU
		{2F32D4E9-DBDE-4B60-9FB1-B8E7A9C8E672}.Debug|Mixed Platforms.Build.0 = Debug|Any CPU
		{2F32D4E9-DBDE-4B60-9FB1-B8E7A9C8E672}.Debug|x64.ActiveCfg = Debug|Any CPU
		{2F32D4E9-DBDE-4B60-9FB1-B8E7A9C8E672}.Debug|x86.ActiveCfg = Debug|Any CPU
		{2F32D4E9-DBDE-4B60-9FB1-B8E7A9C8E672}.Release|Any CPU.ActiveCfg = Release|Any CPU
		{2F32D4E9-DBDE-4B60-9FB1-B8E7A9C8E672}.Release|Any CPU.Build.0 = Release|Any CPU
		{2F32D4E9-DBDE-4B60-9FB1-B8E7A9C8E672}.Release|ARM.ActiveCfg = Release|Any CPU
		{2F32D4E9-DBDE-4B60-9FB1-B8E7A9C8E672}.Release|Mixed Platforms.ActiveCfg = Release|Any CPU
		{2F32D4E9-DBDE-4B60-9FB1-B8E7A9C8E672}.Release|Mixed Platforms.Build.0 = Release|Any CPU
		{2F32D4E9-DBDE-4B60-9FB1-B8E7A9C8E672}.Release|x64.ActiveCfg = Release|Any CPU
		{2F32D4E9-DBDE-4B60-9FB1-B8E7A9C8E672}.Release|x86.ActiveCfg = Release|Any CPU
		{FBA58DBE-7612-490E-8766-D45F839FE767}.Debug|Any CPU.ActiveCfg = Debug|Any CPU
		{FBA58DBE-7612-490E-8766-D45F839FE767}.Debug|Any CPU.Build.0 = Debug|Any CPU
		{FBA58DBE-7612-490E-8766-D45F839FE767}.Debug|ARM.ActiveCfg = Debug|Any CPU
		{FBA58DBE-7612-490E-8766-D45F839FE767}.Debug|Mixed Platforms.ActiveCfg = Debug|Any CPU
		{FBA58DBE-7612-490E-8766-D45F839FE767}.Debug|Mixed Platforms.Build.0 = Debug|Any CPU
		{FBA58DBE-7612-490E-8766-D45F839FE767}.Debug|x64.ActiveCfg = Debug|Any CPU
		{FBA58DBE-7612-490E-8766-D45F839FE767}.Debug|x86.ActiveCfg = Debug|Any CPU
		{FBA58DBE-7612-490E-8766-D45F839FE767}.Release|Any CPU.ActiveCfg = Release|Any CPU
		{FBA58DBE-7612-490E-8766-D45F839FE767}.Release|Any CPU.Build.0 = Release|Any CPU
		{FBA58DBE-7612-490E-8766-D45F839FE767}.Release|ARM.ActiveCfg = Release|Any CPU
		{FBA58DBE-7612-490E-8766-D45F839FE767}.Release|Mixed Platforms.ActiveCfg = Release|Any CPU
		{FBA58DBE-7612-490E-8766-D45F839FE767}.Release|Mixed Platforms.Build.0 = Release|Any CPU
		{FBA58DBE-7612-490E-8766-D45F839FE767}.Release|x64.ActiveCfg = Release|Any CPU
		{FBA58DBE-7612-490E-8766-D45F839FE767}.Release|x86.ActiveCfg = Release|Any CPU
		{7D817598-0EA6-4D00-8B11-42B4769E27BF}.Debug|Any CPU.ActiveCfg = Debug|Any CPU
		{7D817598-0EA6-4D00-8B11-42B4769E27BF}.Debug|Any CPU.Build.0 = Debug|Any CPU
		{7D817598-0EA6-4D00-8B11-42B4769E27BF}.Debug|ARM.ActiveCfg = Debug|Any CPU
		{7D817598-0EA6-4D00-8B11-42B4769E27BF}.Debug|Mixed Platforms.ActiveCfg = Debug|Any CPU
		{7D817598-0EA6-4D00-8B11-42B4769E27BF}.Debug|x64.ActiveCfg = Debug|Any CPU
		{7D817598-0EA6-4D00-8B11-42B4769E27BF}.Debug|x86.ActiveCfg = Debug|Any CPU
		{7D817598-0EA6-4D00-8B11-42B4769E27BF}.Release|Any CPU.ActiveCfg = Release|Any CPU
		{7D817598-0EA6-4D00-8B11-42B4769E27BF}.Release|Any CPU.Build.0 = Release|Any CPU
		{7D817598-0EA6-4D00-8B11-42B4769E27BF}.Release|ARM.ActiveCfg = Release|Any CPU
		{7D817598-0EA6-4D00-8B11-42B4769E27BF}.Release|Mixed Platforms.ActiveCfg = Release|Any CPU
		{7D817598-0EA6-4D00-8B11-42B4769E27BF}.Release|x64.ActiveCfg = Release|Any CPU
		{7D817598-0EA6-4D00-8B11-42B4769E27BF}.Release|x86.ActiveCfg = Release|Any CPU
		{50B02AD4-6699-409E-AADB-EBCE459B36FE}.Debug|Any CPU.ActiveCfg = Debug|Any CPU
		{50B02AD4-6699-409E-AADB-EBCE459B36FE}.Debug|Any CPU.Build.0 = Debug|Any CPU
		{50B02AD4-6699-409E-AADB-EBCE459B36FE}.Debug|Any CPU.Deploy.0 = Debug|Any CPU
		{50B02AD4-6699-409E-AADB-EBCE459B36FE}.Debug|ARM.ActiveCfg = Debug|ARM
		{50B02AD4-6699-409E-AADB-EBCE459B36FE}.Debug|ARM.Build.0 = Debug|ARM
		{50B02AD4-6699-409E-AADB-EBCE459B36FE}.Debug|ARM.Deploy.0 = Debug|ARM
		{50B02AD4-6699-409E-AADB-EBCE459B36FE}.Debug|Mixed Platforms.ActiveCfg = Debug|x86
		{50B02AD4-6699-409E-AADB-EBCE459B36FE}.Debug|x64.ActiveCfg = Debug|x64
		{50B02AD4-6699-409E-AADB-EBCE459B36FE}.Debug|x64.Build.0 = Debug|x64
		{50B02AD4-6699-409E-AADB-EBCE459B36FE}.Debug|x64.Deploy.0 = Debug|x64
		{50B02AD4-6699-409E-AADB-EBCE459B36FE}.Debug|x86.ActiveCfg = Debug|x86
		{50B02AD4-6699-409E-AADB-EBCE459B36FE}.Debug|x86.Build.0 = Debug|x86
		{50B02AD4-6699-409E-AADB-EBCE459B36FE}.Debug|x86.Deploy.0 = Debug|x86
		{50B02AD4-6699-409E-AADB-EBCE459B36FE}.Release|Any CPU.ActiveCfg = Release|Any CPU
		{50B02AD4-6699-409E-AADB-EBCE459B36FE}.Release|Any CPU.Build.0 = Release|Any CPU
		{50B02AD4-6699-409E-AADB-EBCE459B36FE}.Release|Any CPU.Deploy.0 = Release|Any CPU
		{50B02AD4-6699-409E-AADB-EBCE459B36FE}.Release|ARM.ActiveCfg = Release|ARM
		{50B02AD4-6699-409E-AADB-EBCE459B36FE}.Release|ARM.Build.0 = Release|ARM
		{50B02AD4-6699-409E-AADB-EBCE459B36FE}.Release|ARM.Deploy.0 = Release|ARM
		{50B02AD4-6699-409E-AADB-EBCE459B36FE}.Release|Mixed Platforms.ActiveCfg = Release|x86
		{50B02AD4-6699-409E-AADB-EBCE459B36FE}.Release|x64.ActiveCfg = Release|x64
		{50B02AD4-6699-409E-AADB-EBCE459B36FE}.Release|x64.Build.0 = Release|x64
		{50B02AD4-6699-409E-AADB-EBCE459B36FE}.Release|x64.Deploy.0 = Release|x64
		{50B02AD4-6699-409E-AADB-EBCE459B36FE}.Release|x86.ActiveCfg = Release|x86
		{50B02AD4-6699-409E-AADB-EBCE459B36FE}.Release|x86.Build.0 = Release|x86
		{50B02AD4-6699-409E-AADB-EBCE459B36FE}.Release|x86.Deploy.0 = Release|x86
		{BB04E890-E6A3-4FA1-8147-5A17BFA2FD16}.Debug|Any CPU.ActiveCfg = Debug|Any CPU
		{BB04E890-E6A3-4FA1-8147-5A17BFA2FD16}.Debug|Any CPU.Build.0 = Debug|Any CPU
		{BB04E890-E6A3-4FA1-8147-5A17BFA2FD16}.Debug|Any CPU.Deploy.0 = Debug|Any CPU
		{BB04E890-E6A3-4FA1-8147-5A17BFA2FD16}.Debug|ARM.ActiveCfg = Debug|ARM
		{BB04E890-E6A3-4FA1-8147-5A17BFA2FD16}.Debug|ARM.Build.0 = Debug|ARM
		{BB04E890-E6A3-4FA1-8147-5A17BFA2FD16}.Debug|ARM.Deploy.0 = Debug|ARM
		{BB04E890-E6A3-4FA1-8147-5A17BFA2FD16}.Debug|Mixed Platforms.ActiveCfg = Debug|x86
		{BB04E890-E6A3-4FA1-8147-5A17BFA2FD16}.Debug|x64.ActiveCfg = Debug|Any CPU
		{BB04E890-E6A3-4FA1-8147-5A17BFA2FD16}.Debug|x86.ActiveCfg = Debug|x86
		{BB04E890-E6A3-4FA1-8147-5A17BFA2FD16}.Debug|x86.Build.0 = Debug|x86
		{BB04E890-E6A3-4FA1-8147-5A17BFA2FD16}.Debug|x86.Deploy.0 = Debug|x86
		{BB04E890-E6A3-4FA1-8147-5A17BFA2FD16}.Release|Any CPU.ActiveCfg = Release|Any CPU
		{BB04E890-E6A3-4FA1-8147-5A17BFA2FD16}.Release|Any CPU.Build.0 = Release|Any CPU
		{BB04E890-E6A3-4FA1-8147-5A17BFA2FD16}.Release|Any CPU.Deploy.0 = Release|Any CPU
		{BB04E890-E6A3-4FA1-8147-5A17BFA2FD16}.Release|ARM.ActiveCfg = Release|ARM
		{BB04E890-E6A3-4FA1-8147-5A17BFA2FD16}.Release|ARM.Build.0 = Release|ARM
		{BB04E890-E6A3-4FA1-8147-5A17BFA2FD16}.Release|ARM.Deploy.0 = Release|ARM
		{BB04E890-E6A3-4FA1-8147-5A17BFA2FD16}.Release|Mixed Platforms.ActiveCfg = Release|x86
		{BB04E890-E6A3-4FA1-8147-5A17BFA2FD16}.Release|x64.ActiveCfg = Release|Any CPU
		{BB04E890-E6A3-4FA1-8147-5A17BFA2FD16}.Release|x86.ActiveCfg = Release|x86
		{BB04E890-E6A3-4FA1-8147-5A17BFA2FD16}.Release|x86.Build.0 = Release|x86
		{BB04E890-E6A3-4FA1-8147-5A17BFA2FD16}.Release|x86.Deploy.0 = Release|x86
		{FE5DC5CB-D16A-4A4C-A0E5-92CB9C55C94D}.Debug|Any CPU.ActiveCfg = Debug|Any CPU
		{FE5DC5CB-D16A-4A4C-A0E5-92CB9C55C94D}.Debug|Any CPU.Build.0 = Debug|Any CPU
		{FE5DC5CB-D16A-4A4C-A0E5-92CB9C55C94D}.Debug|ARM.ActiveCfg = Debug|Any CPU
		{FE5DC5CB-D16A-4A4C-A0E5-92CB9C55C94D}.Debug|Mixed Platforms.ActiveCfg = Debug|Any CPU
		{FE5DC5CB-D16A-4A4C-A0E5-92CB9C55C94D}.Debug|Mixed Platforms.Build.0 = Debug|Any CPU
		{FE5DC5CB-D16A-4A4C-A0E5-92CB9C55C94D}.Debug|x64.ActiveCfg = Debug|Any CPU
		{FE5DC5CB-D16A-4A4C-A0E5-92CB9C55C94D}.Debug|x86.ActiveCfg = Debug|Any CPU
		{FE5DC5CB-D16A-4A4C-A0E5-92CB9C55C94D}.Release|Any CPU.ActiveCfg = Release|Any CPU
		{FE5DC5CB-D16A-4A4C-A0E5-92CB9C55C94D}.Release|Any CPU.Build.0 = Release|Any CPU
		{FE5DC5CB-D16A-4A4C-A0E5-92CB9C55C94D}.Release|ARM.ActiveCfg = Release|Any CPU
		{FE5DC5CB-D16A-4A4C-A0E5-92CB9C55C94D}.Release|Mixed Platforms.ActiveCfg = Release|Any CPU
		{FE5DC5CB-D16A-4A4C-A0E5-92CB9C55C94D}.Release|Mixed Platforms.Build.0 = Release|Any CPU
		{FE5DC5CB-D16A-4A4C-A0E5-92CB9C55C94D}.Release|x64.ActiveCfg = Release|Any CPU
		{FE5DC5CB-D16A-4A4C-A0E5-92CB9C55C94D}.Release|x86.ActiveCfg = Release|Any CPU
		{A47881F2-CC8D-4744-84CC-DFC6C2A5999E}.Debug|Any CPU.ActiveCfg = Debug|Any CPU
		{A47881F2-CC8D-4744-84CC-DFC6C2A5999E}.Debug|Any CPU.Build.0 = Debug|Any CPU
		{A47881F2-CC8D-4744-84CC-DFC6C2A5999E}.Debug|ARM.ActiveCfg = Debug|Any CPU
		{A47881F2-CC8D-4744-84CC-DFC6C2A5999E}.Debug|Mixed Platforms.ActiveCfg = Debug|Any CPU
		{A47881F2-CC8D-4744-84CC-DFC6C2A5999E}.Debug|Mixed Platforms.Build.0 = Debug|Any CPU
		{A47881F2-CC8D-4744-84CC-DFC6C2A5999E}.Debug|x64.ActiveCfg = Debug|Any CPU
		{A47881F2-CC8D-4744-84CC-DFC6C2A5999E}.Debug|x86.ActiveCfg = Debug|Any CPU
		{A47881F2-CC8D-4744-84CC-DFC6C2A5999E}.Release|Any CPU.ActiveCfg = Release|Any CPU
		{A47881F2-CC8D-4744-84CC-DFC6C2A5999E}.Release|Any CPU.Build.0 = Release|Any CPU
		{A47881F2-CC8D-4744-84CC-DFC6C2A5999E}.Release|ARM.ActiveCfg = Release|Any CPU
		{A47881F2-CC8D-4744-84CC-DFC6C2A5999E}.Release|Mixed Platforms.ActiveCfg = Release|Any CPU
		{A47881F2-CC8D-4744-84CC-DFC6C2A5999E}.Release|Mixed Platforms.Build.0 = Release|Any CPU
		{A47881F2-CC8D-4744-84CC-DFC6C2A5999E}.Release|x64.ActiveCfg = Release|Any CPU
		{A47881F2-CC8D-4744-84CC-DFC6C2A5999E}.Release|x86.ActiveCfg = Release|Any CPU
		{250F5661-596A-4D8A-9F45-6B76AEC79E3A}.Debug|Any CPU.ActiveCfg = Debug|x86
		{250F5661-596A-4D8A-9F45-6B76AEC79E3A}.Debug|ARM.ActiveCfg = Debug|x86
		{250F5661-596A-4D8A-9F45-6B76AEC79E3A}.Debug|Mixed Platforms.ActiveCfg = Debug|x86
		{250F5661-596A-4D8A-9F45-6B76AEC79E3A}.Debug|Mixed Platforms.Build.0 = Debug|x86
		{250F5661-596A-4D8A-9F45-6B76AEC79E3A}.Debug|x64.ActiveCfg = Debug|x86
		{250F5661-596A-4D8A-9F45-6B76AEC79E3A}.Debug|x86.ActiveCfg = Debug|x86
		{250F5661-596A-4D8A-9F45-6B76AEC79E3A}.Debug|x86.Build.0 = Debug|x86
		{250F5661-596A-4D8A-9F45-6B76AEC79E3A}.Release|Any CPU.ActiveCfg = Release|x86
		{250F5661-596A-4D8A-9F45-6B76AEC79E3A}.Release|ARM.ActiveCfg = Release|x86
		{250F5661-596A-4D8A-9F45-6B76AEC79E3A}.Release|Mixed Platforms.ActiveCfg = Release|x86
		{250F5661-596A-4D8A-9F45-6B76AEC79E3A}.Release|Mixed Platforms.Build.0 = Release|x86
		{250F5661-596A-4D8A-9F45-6B76AEC79E3A}.Release|x64.ActiveCfg = Release|x86
		{250F5661-596A-4D8A-9F45-6B76AEC79E3A}.Release|x86.ActiveCfg = Release|x86
		{250F5661-596A-4D8A-9F45-6B76AEC79E3A}.Release|x86.Build.0 = Release|x86
		{41AABA12-FFAD-424D-BB8A-F7F1111EE6AB}.Debug|Any CPU.ActiveCfg = Debug|x86
		{41AABA12-FFAD-424D-BB8A-F7F1111EE6AB}.Debug|ARM.ActiveCfg = Debug|x86
		{41AABA12-FFAD-424D-BB8A-F7F1111EE6AB}.Debug|Mixed Platforms.ActiveCfg = Debug|x86
		{41AABA12-FFAD-424D-BB8A-F7F1111EE6AB}.Debug|Mixed Platforms.Build.0 = Debug|x86
		{41AABA12-FFAD-424D-BB8A-F7F1111EE6AB}.Debug|x64.ActiveCfg = Debug|x86
		{41AABA12-FFAD-424D-BB8A-F7F1111EE6AB}.Debug|x86.ActiveCfg = Debug|x86
		{41AABA12-FFAD-424D-BB8A-F7F1111EE6AB}.Debug|x86.Build.0 = Debug|x86
		{41AABA12-FFAD-424D-BB8A-F7F1111EE6AB}.Release|Any CPU.ActiveCfg = Release|x86
		{41AABA12-FFAD-424D-BB8A-F7F1111EE6AB}.Release|ARM.ActiveCfg = Release|x86
		{41AABA12-FFAD-424D-BB8A-F7F1111EE6AB}.Release|Mixed Platforms.ActiveCfg = Release|x86
		{41AABA12-FFAD-424D-BB8A-F7F1111EE6AB}.Release|Mixed Platforms.Build.0 = Release|x86
		{41AABA12-FFAD-424D-BB8A-F7F1111EE6AB}.Release|x64.ActiveCfg = Release|x86
		{41AABA12-FFAD-424D-BB8A-F7F1111EE6AB}.Release|x86.ActiveCfg = Release|x86
		{41AABA12-FFAD-424D-BB8A-F7F1111EE6AB}.Release|x86.Build.0 = Release|x86
		{50D9F822-15E6-4492-BD89-DF350566ADBF}.Debug|Any CPU.ActiveCfg = Debug|x86
		{50D9F822-15E6-4492-BD89-DF350566ADBF}.Debug|ARM.ActiveCfg = Debug|x86
		{50D9F822-15E6-4492-BD89-DF350566ADBF}.Debug|Mixed Platforms.ActiveCfg = Debug|x86
		{50D9F822-15E6-4492-BD89-DF350566ADBF}.Debug|Mixed Platforms.Build.0 = Debug|x86
		{50D9F822-15E6-4492-BD89-DF350566ADBF}.Debug|x64.ActiveCfg = Debug|x86
		{50D9F822-15E6-4492-BD89-DF350566ADBF}.Debug|x86.ActiveCfg = Debug|x86
		{50D9F822-15E6-4492-BD89-DF350566ADBF}.Debug|x86.Build.0 = Debug|x86
		{50D9F822-15E6-4492-BD89-DF350566ADBF}.Release|Any CPU.ActiveCfg = Release|x86
		{50D9F822-15E6-4492-BD89-DF350566ADBF}.Release|ARM.ActiveCfg = Release|x86
		{50D9F822-15E6-4492-BD89-DF350566ADBF}.Release|Mixed Platforms.ActiveCfg = Release|x86
		{50D9F822-15E6-4492-BD89-DF350566ADBF}.Release|Mixed Platforms.Build.0 = Release|x86
		{50D9F822-15E6-4492-BD89-DF350566ADBF}.Release|x64.ActiveCfg = Release|x86
		{50D9F822-15E6-4492-BD89-DF350566ADBF}.Release|x86.ActiveCfg = Release|x86
		{50D9F822-15E6-4492-BD89-DF350566ADBF}.Release|x86.Build.0 = Release|x86
		{EF8546AF-1D38-4F3F-AF88-942ECE42C565}.Debug|Any CPU.ActiveCfg = Debug|Any CPU
		{EF8546AF-1D38-4F3F-AF88-942ECE42C565}.Debug|Any CPU.Build.0 = Debug|Any CPU
		{EF8546AF-1D38-4F3F-AF88-942ECE42C565}.Debug|ARM.ActiveCfg = Debug|Any CPU
		{EF8546AF-1D38-4F3F-AF88-942ECE42C565}.Debug|Mixed Platforms.ActiveCfg = Debug|Any CPU
		{EF8546AF-1D38-4F3F-AF88-942ECE42C565}.Debug|Mixed Platforms.Build.0 = Debug|Any CPU
		{EF8546AF-1D38-4F3F-AF88-942ECE42C565}.Debug|x64.ActiveCfg = Debug|Any CPU
		{EF8546AF-1D38-4F3F-AF88-942ECE42C565}.Debug|x86.ActiveCfg = Debug|Any CPU
		{EF8546AF-1D38-4F3F-AF88-942ECE42C565}.Release|Any CPU.ActiveCfg = Release|Any CPU
		{EF8546AF-1D38-4F3F-AF88-942ECE42C565}.Release|Any CPU.Build.0 = Release|Any CPU
		{EF8546AF-1D38-4F3F-AF88-942ECE42C565}.Release|ARM.ActiveCfg = Release|Any CPU
		{EF8546AF-1D38-4F3F-AF88-942ECE42C565}.Release|Mixed Platforms.ActiveCfg = Release|Any CPU
		{EF8546AF-1D38-4F3F-AF88-942ECE42C565}.Release|Mixed Platforms.Build.0 = Release|Any CPU
		{EF8546AF-1D38-4F3F-AF88-942ECE42C565}.Release|x64.ActiveCfg = Release|Any CPU
		{EF8546AF-1D38-4F3F-AF88-942ECE42C565}.Release|x86.ActiveCfg = Release|Any CPU
		{285953CE-1132-4956-8C34-F993FDFF069D}.Debug|Any CPU.ActiveCfg = Debug|Any CPU
		{285953CE-1132-4956-8C34-F993FDFF069D}.Debug|Any CPU.Build.0 = Debug|Any CPU
		{285953CE-1132-4956-8C34-F993FDFF069D}.Debug|Any CPU.Deploy.0 = Debug|Any CPU
		{285953CE-1132-4956-8C34-F993FDFF069D}.Debug|ARM.ActiveCfg = Debug|ARM
		{285953CE-1132-4956-8C34-F993FDFF069D}.Debug|ARM.Build.0 = Debug|ARM
		{285953CE-1132-4956-8C34-F993FDFF069D}.Debug|ARM.Deploy.0 = Debug|ARM
		{285953CE-1132-4956-8C34-F993FDFF069D}.Debug|Mixed Platforms.ActiveCfg = Debug|x86
		{285953CE-1132-4956-8C34-F993FDFF069D}.Debug|Mixed Platforms.Build.0 = Debug|x86
		{285953CE-1132-4956-8C34-F993FDFF069D}.Debug|Mixed Platforms.Deploy.0 = Debug|x86
		{285953CE-1132-4956-8C34-F993FDFF069D}.Debug|x64.ActiveCfg = Debug|Any CPU
		{285953CE-1132-4956-8C34-F993FDFF069D}.Debug|x86.ActiveCfg = Debug|x86
		{285953CE-1132-4956-8C34-F993FDFF069D}.Debug|x86.Build.0 = Debug|x86
		{285953CE-1132-4956-8C34-F993FDFF069D}.Debug|x86.Deploy.0 = Debug|x86
		{285953CE-1132-4956-8C34-F993FDFF069D}.Release|Any CPU.ActiveCfg = Release|Any CPU
		{285953CE-1132-4956-8C34-F993FDFF069D}.Release|Any CPU.Build.0 = Release|Any CPU
		{285953CE-1132-4956-8C34-F993FDFF069D}.Release|Any CPU.Deploy.0 = Release|Any CPU
		{285953CE-1132-4956-8C34-F993FDFF069D}.Release|ARM.ActiveCfg = Release|ARM
		{285953CE-1132-4956-8C34-F993FDFF069D}.Release|ARM.Build.0 = Release|ARM
		{285953CE-1132-4956-8C34-F993FDFF069D}.Release|ARM.Deploy.0 = Release|ARM
		{285953CE-1132-4956-8C34-F993FDFF069D}.Release|Mixed Platforms.ActiveCfg = Release|x86
		{285953CE-1132-4956-8C34-F993FDFF069D}.Release|Mixed Platforms.Build.0 = Release|x86
		{285953CE-1132-4956-8C34-F993FDFF069D}.Release|Mixed Platforms.Deploy.0 = Release|x86
		{285953CE-1132-4956-8C34-F993FDFF069D}.Release|x64.ActiveCfg = Release|Any CPU
		{285953CE-1132-4956-8C34-F993FDFF069D}.Release|x86.ActiveCfg = Release|x86
		{285953CE-1132-4956-8C34-F993FDFF069D}.Release|x86.Build.0 = Release|x86
		{285953CE-1132-4956-8C34-F993FDFF069D}.Release|x86.Deploy.0 = Release|x86
		{76401E42-7302-4C2E-BF5D-8313656629BB}.Debug|Any CPU.ActiveCfg = Debug|Any CPU
		{76401E42-7302-4C2E-BF5D-8313656629BB}.Debug|Any CPU.Build.0 = Debug|Any CPU
		{76401E42-7302-4C2E-BF5D-8313656629BB}.Debug|ARM.ActiveCfg = Debug|Any CPU
		{76401E42-7302-4C2E-BF5D-8313656629BB}.Debug|Mixed Platforms.ActiveCfg = Debug|Any CPU
		{76401E42-7302-4C2E-BF5D-8313656629BB}.Debug|Mixed Platforms.Build.0 = Debug|Any CPU
		{76401E42-7302-4C2E-BF5D-8313656629BB}.Debug|x64.ActiveCfg = Debug|Any CPU
		{76401E42-7302-4C2E-BF5D-8313656629BB}.Debug|x86.ActiveCfg = Debug|Any CPU
		{76401E42-7302-4C2E-BF5D-8313656629BB}.Release|Any CPU.ActiveCfg = Release|Any CPU
		{76401E42-7302-4C2E-BF5D-8313656629BB}.Release|Any CPU.Build.0 = Release|Any CPU
		{76401E42-7302-4C2E-BF5D-8313656629BB}.Release|ARM.ActiveCfg = Release|Any CPU
		{76401E42-7302-4C2E-BF5D-8313656629BB}.Release|Mixed Platforms.ActiveCfg = Release|Any CPU
		{76401E42-7302-4C2E-BF5D-8313656629BB}.Release|Mixed Platforms.Build.0 = Release|Any CPU
		{76401E42-7302-4C2E-BF5D-8313656629BB}.Release|x64.ActiveCfg = Release|Any CPU
		{76401E42-7302-4C2E-BF5D-8313656629BB}.Release|x86.ActiveCfg = Release|Any CPU
		{FFC90E95-3470-4F87-98B5-4EECA016AF75}.Debug|Any CPU.ActiveCfg = Debug|Any CPU
		{FFC90E95-3470-4F87-98B5-4EECA016AF75}.Debug|Any CPU.Build.0 = Debug|Any CPU
		{FFC90E95-3470-4F87-98B5-4EECA016AF75}.Debug|ARM.ActiveCfg = Debug|Any CPU
		{FFC90E95-3470-4F87-98B5-4EECA016AF75}.Debug|Mixed Platforms.ActiveCfg = Debug|Any CPU
		{FFC90E95-3470-4F87-98B5-4EECA016AF75}.Debug|Mixed Platforms.Build.0 = Debug|Any CPU
		{FFC90E95-3470-4F87-98B5-4EECA016AF75}.Debug|x64.ActiveCfg = Debug|Any CPU
		{FFC90E95-3470-4F87-98B5-4EECA016AF75}.Debug|x86.ActiveCfg = Debug|Any CPU
		{FFC90E95-3470-4F87-98B5-4EECA016AF75}.Release|Any CPU.ActiveCfg = Release|Any CPU
		{FFC90E95-3470-4F87-98B5-4EECA016AF75}.Release|Any CPU.Build.0 = Release|Any CPU
		{FFC90E95-3470-4F87-98B5-4EECA016AF75}.Release|ARM.ActiveCfg = Release|Any CPU
		{FFC90E95-3470-4F87-98B5-4EECA016AF75}.Release|Mixed Platforms.ActiveCfg = Release|Any CPU
		{FFC90E95-3470-4F87-98B5-4EECA016AF75}.Release|Mixed Platforms.Build.0 = Release|Any CPU
		{FFC90E95-3470-4F87-98B5-4EECA016AF75}.Release|x64.ActiveCfg = Release|Any CPU
		{FFC90E95-3470-4F87-98B5-4EECA016AF75}.Release|x86.ActiveCfg = Release|Any CPU
		{C37C10BD-1E25-4E50-B7FD-FFBEB8D78232}.Debug|Any CPU.ActiveCfg = Debug|Any CPU
		{C37C10BD-1E25-4E50-B7FD-FFBEB8D78232}.Debug|Any CPU.Build.0 = Debug|Any CPU
		{C37C10BD-1E25-4E50-B7FD-FFBEB8D78232}.Debug|Any CPU.Deploy.0 = Debug|Any CPU
		{C37C10BD-1E25-4E50-B7FD-FFBEB8D78232}.Debug|ARM.ActiveCfg = Debug|ARM
		{C37C10BD-1E25-4E50-B7FD-FFBEB8D78232}.Debug|ARM.Build.0 = Debug|ARM
		{C37C10BD-1E25-4E50-B7FD-FFBEB8D78232}.Debug|ARM.Deploy.0 = Debug|ARM
		{C37C10BD-1E25-4E50-B7FD-FFBEB8D78232}.Debug|Mixed Platforms.ActiveCfg = Debug|x86
		{C37C10BD-1E25-4E50-B7FD-FFBEB8D78232}.Debug|Mixed Platforms.Build.0 = Debug|x86
		{C37C10BD-1E25-4E50-B7FD-FFBEB8D78232}.Debug|Mixed Platforms.Deploy.0 = Debug|x86
		{C37C10BD-1E25-4E50-B7FD-FFBEB8D78232}.Debug|x64.ActiveCfg = Debug|x64
		{C37C10BD-1E25-4E50-B7FD-FFBEB8D78232}.Debug|x64.Build.0 = Debug|x64
		{C37C10BD-1E25-4E50-B7FD-FFBEB8D78232}.Debug|x64.Deploy.0 = Debug|x64
		{C37C10BD-1E25-4E50-B7FD-FFBEB8D78232}.Debug|x86.ActiveCfg = Debug|x86
		{C37C10BD-1E25-4E50-B7FD-FFBEB8D78232}.Debug|x86.Build.0 = Debug|x86
		{C37C10BD-1E25-4E50-B7FD-FFBEB8D78232}.Debug|x86.Deploy.0 = Debug|x86
		{C37C10BD-1E25-4E50-B7FD-FFBEB8D78232}.Release|Any CPU.ActiveCfg = Release|Any CPU
		{C37C10BD-1E25-4E50-B7FD-FFBEB8D78232}.Release|Any CPU.Build.0 = Release|Any CPU
		{C37C10BD-1E25-4E50-B7FD-FFBEB8D78232}.Release|Any CPU.Deploy.0 = Release|Any CPU
		{C37C10BD-1E25-4E50-B7FD-FFBEB8D78232}.Release|ARM.ActiveCfg = Release|ARM
		{C37C10BD-1E25-4E50-B7FD-FFBEB8D78232}.Release|ARM.Build.0 = Release|ARM
		{C37C10BD-1E25-4E50-B7FD-FFBEB8D78232}.Release|ARM.Deploy.0 = Release|ARM
		{C37C10BD-1E25-4E50-B7FD-FFBEB8D78232}.Release|Mixed Platforms.ActiveCfg = Release|x86
		{C37C10BD-1E25-4E50-B7FD-FFBEB8D78232}.Release|Mixed Platforms.Build.0 = Release|x86
		{C37C10BD-1E25-4E50-B7FD-FFBEB8D78232}.Release|Mixed Platforms.Deploy.0 = Release|x86
		{C37C10BD-1E25-4E50-B7FD-FFBEB8D78232}.Release|x64.ActiveCfg = Release|x64
		{C37C10BD-1E25-4E50-B7FD-FFBEB8D78232}.Release|x64.Build.0 = Release|x64
		{C37C10BD-1E25-4E50-B7FD-FFBEB8D78232}.Release|x64.Deploy.0 = Release|x64
		{C37C10BD-1E25-4E50-B7FD-FFBEB8D78232}.Release|x86.ActiveCfg = Release|x86
		{C37C10BD-1E25-4E50-B7FD-FFBEB8D78232}.Release|x86.Build.0 = Release|x86
		{C37C10BD-1E25-4E50-B7FD-FFBEB8D78232}.Release|x86.Deploy.0 = Release|x86
		{5E34C621-E20C-40FA-8E79-47EF6CF4629D}.Debug|Any CPU.ActiveCfg = Debug|Any CPU
		{5E34C621-E20C-40FA-8E79-47EF6CF4629D}.Debug|Any CPU.Build.0 = Debug|Any CPU
		{5E34C621-E20C-40FA-8E79-47EF6CF4629D}.Debug|Any CPU.Deploy.0 = Debug|Any CPU
		{5E34C621-E20C-40FA-8E79-47EF6CF4629D}.Debug|ARM.ActiveCfg = Debug|ARM
		{5E34C621-E20C-40FA-8E79-47EF6CF4629D}.Debug|ARM.Build.0 = Debug|ARM
		{5E34C621-E20C-40FA-8E79-47EF6CF4629D}.Debug|ARM.Deploy.0 = Debug|ARM
		{5E34C621-E20C-40FA-8E79-47EF6CF4629D}.Debug|Mixed Platforms.ActiveCfg = Debug|x86
		{5E34C621-E20C-40FA-8E79-47EF6CF4629D}.Debug|Mixed Platforms.Build.0 = Debug|x86
		{5E34C621-E20C-40FA-8E79-47EF6CF4629D}.Debug|Mixed Platforms.Deploy.0 = Debug|x86
		{5E34C621-E20C-40FA-8E79-47EF6CF4629D}.Debug|x64.ActiveCfg = Debug|Any CPU
		{5E34C621-E20C-40FA-8E79-47EF6CF4629D}.Debug|x86.ActiveCfg = Debug|x86
		{5E34C621-E20C-40FA-8E79-47EF6CF4629D}.Debug|x86.Build.0 = Debug|x86
		{5E34C621-E20C-40FA-8E79-47EF6CF4629D}.Debug|x86.Deploy.0 = Debug|x86
		{5E34C621-E20C-40FA-8E79-47EF6CF4629D}.Release|Any CPU.ActiveCfg = Release|Any CPU
		{5E34C621-E20C-40FA-8E79-47EF6CF4629D}.Release|Any CPU.Build.0 = Release|Any CPU
		{5E34C621-E20C-40FA-8E79-47EF6CF4629D}.Release|Any CPU.Deploy.0 = Release|Any CPU
		{5E34C621-E20C-40FA-8E79-47EF6CF4629D}.Release|ARM.ActiveCfg = Release|ARM
		{5E34C621-E20C-40FA-8E79-47EF6CF4629D}.Release|ARM.Build.0 = Release|ARM
		{5E34C621-E20C-40FA-8E79-47EF6CF4629D}.Release|ARM.Deploy.0 = Release|ARM
		{5E34C621-E20C-40FA-8E79-47EF6CF4629D}.Release|Mixed Platforms.ActiveCfg = Release|x86
		{5E34C621-E20C-40FA-8E79-47EF6CF4629D}.Release|Mixed Platforms.Build.0 = Release|x86
		{5E34C621-E20C-40FA-8E79-47EF6CF4629D}.Release|Mixed Platforms.Deploy.0 = Release|x86
		{5E34C621-E20C-40FA-8E79-47EF6CF4629D}.Release|x64.ActiveCfg = Release|Any CPU
		{5E34C621-E20C-40FA-8E79-47EF6CF4629D}.Release|x86.ActiveCfg = Release|x86
		{5E34C621-E20C-40FA-8E79-47EF6CF4629D}.Release|x86.Build.0 = Release|x86
		{5E34C621-E20C-40FA-8E79-47EF6CF4629D}.Release|x86.Deploy.0 = Release|x86
		{477DEB3C-8B90-4C0D-9A3D-2644F123A84C}.Debug|Any CPU.ActiveCfg = Debug|Any CPU
		{477DEB3C-8B90-4C0D-9A3D-2644F123A84C}.Debug|Any CPU.Build.0 = Debug|Any CPU
		{477DEB3C-8B90-4C0D-9A3D-2644F123A84C}.Debug|ARM.ActiveCfg = Debug|Any CPU
		{477DEB3C-8B90-4C0D-9A3D-2644F123A84C}.Debug|Mixed Platforms.ActiveCfg = Debug|Any CPU
		{477DEB3C-8B90-4C0D-9A3D-2644F123A84C}.Debug|Mixed Platforms.Build.0 = Debug|Any CPU
		{477DEB3C-8B90-4C0D-9A3D-2644F123A84C}.Debug|x64.ActiveCfg = Debug|Any CPU
		{477DEB3C-8B90-4C0D-9A3D-2644F123A84C}.Debug|x86.ActiveCfg = Debug|Any CPU
		{477DEB3C-8B90-4C0D-9A3D-2644F123A84C}.Release|Any CPU.ActiveCfg = Release|Any CPU
		{477DEB3C-8B90-4C0D-9A3D-2644F123A84C}.Release|Any CPU.Build.0 = Release|Any CPU
		{477DEB3C-8B90-4C0D-9A3D-2644F123A84C}.Release|ARM.ActiveCfg = Release|Any CPU
		{477DEB3C-8B90-4C0D-9A3D-2644F123A84C}.Release|Mixed Platforms.ActiveCfg = Release|Any CPU
		{477DEB3C-8B90-4C0D-9A3D-2644F123A84C}.Release|Mixed Platforms.Build.0 = Release|Any CPU
		{477DEB3C-8B90-4C0D-9A3D-2644F123A84C}.Release|x64.ActiveCfg = Release|Any CPU
		{477DEB3C-8B90-4C0D-9A3D-2644F123A84C}.Release|x86.ActiveCfg = Release|Any CPU
	EndGlobalSection
	GlobalSection(SolutionProperties) = preSolution
		HideSolutionNode = FALSE
	EndGlobalSection
	GlobalSection(NestedProjects) = preSolution
		{A7C0657A-0B1D-4E72-97A1-E616A9E07D56} = {60DF5CE6-F0FF-4CD1-8BFA-8C1C83938C56}
		{2400BC51-BF6A-4225-80A6-BC639ED73033} = {60DF5CE6-F0FF-4CD1-8BFA-8C1C83938C56}
		{71B3BB3D-2B4F-4A3F-A0F9-8F697EE6054D} = {60DF5CE6-F0FF-4CD1-8BFA-8C1C83938C56}
		{7D817598-0EA6-4D00-8B11-42B4769E27BF} = {CCD60123-8A74-41CE-B2B5-FF10D560BA36}
		{E2EC3D03-BC68-4A72-AD95-D6F7D55F5148} = {CCD60123-8A74-41CE-B2B5-FF10D560BA36}
		{50B02AD4-6699-409E-AADB-EBCE459B36FE} = {CCD60123-8A74-41CE-B2B5-FF10D560BA36}
		{BB04E890-E6A3-4FA1-8147-5A17BFA2FD16} = {CCD60123-8A74-41CE-B2B5-FF10D560BA36}
		{CFAB0456-4B49-4502-BFCC-6E5B4A7DB1FE} = {86BCFFB3-3675-4B17-8AB1-030495D49091}
		{C37C10BD-1E25-4E50-B7FD-FFBEB8D78232} = {86BCFFB3-3675-4B17-8AB1-030495D49091}
		{5E34C621-E20C-40FA-8E79-47EF6CF4629D} = {86BCFFB3-3675-4B17-8AB1-030495D49091}
	EndGlobalSection
EndGlobal
